
Microsoft Visual Studio Solution File, Format Version 12.00
# Visual Studio Version 17
VisualStudioVersion = 17.0.32014.148
MinimumVisualStudioVersion = 10.0.40219.1
Project("{9A19103F-16F7-4668-BE54-9A1E7A4F7556}") = "Dataflow_Example", "Dataflow_Example\Dataflow_Example.csproj", "{8041C359-A9D5-49E4-9CD4-55A716333EF2}"
EndProject
Project("{FAE04EC0-301F-11D3-BF4B-00C04F79EFBC}") = "CompositeImages", "CompositeImages\CompositeImages.csproj", "{11FA1B45-1213-4666-96C1-F2795F8BCE37}"
EndProject
Project("{FAE04EC0-301F-11D3-BF4B-00C04F79EFBC}") = "DataFlowExploreTest", "DataFlowExploreTest\DataFlowExploreTest.csproj", "{28116813-6560-4826-BB06-326110024D8F}"
EndProject
Global
	GlobalSection(SolutionConfigurationPlatforms) = preSolution
		Debug|Any CPU = Debug|Any CPU
		Release|Any CPU = Release|Any CPU
	EndGlobalSection
	GlobalSection(ProjectConfigurationPlatforms) = postSolution
		{8041C359-A9D5-49E4-9CD4-55A716333EF2}.Debug|Any CPU.ActiveCfg = Debug|Any CPU
		{8041C359-A9D5-49E4-9CD4-55A716333EF2}.Debug|Any CPU.Build.0 = Debug|Any CPU
		{8041C359-A9D5-49E4-9CD4-55A716333EF2}.Release|Any CPU.ActiveCfg = Release|Any CPU
		{8041C359-A9D5-49E4-9CD4-55A716333EF2}.Release|Any CPU.Build.0 = Release|Any CPU
		{11FA1B45-1213-4666-96C1-F2795F8BCE37}.Debug|Any CPU.ActiveCfg = Debug|Any CPU
		{11FA1B45-1213-4666-96C1-F2795F8BCE37}.Debug|Any CPU.Build.0 = Debug|Any CPU
		{11FA1B45-1213-4666-96C1-F2795F8BCE37}.Release|Any CPU.ActiveCfg = Release|Any CPU
		{11FA1B45-1213-4666-96C1-F2795F8BCE37}.Release|Any CPU.Build.0 = Release|Any CPU
		{28116813-6560-4826-BB06-326110024D8F}.Debug|Any CPU.ActiveCfg = Debug|Any CPU
		{28116813-6560-4826-BB06-326110024D8F}.Debug|Any CPU.Build.0 = Debug|Any CPU
		{28116813-6560-4826-BB06-326110024D8F}.Release|Any CPU.ActiveCfg = Release|Any CPU
		{28116813-6560-4826-BB06-326110024D8F}.Release|Any CPU.Build.0 = Release|Any CPU
	EndGlobalSection
	GlobalSection(SolutionProperties) = preSolution
		HideSolutionNode = FALSE
	EndGlobalSection
	GlobalSection(ExtensibilityGlobals) = postSolution
		SolutionGuid = {D5D1BB1E-01AA-46F0-9098-1EF3B2ED62E6}
	EndGlobalSection
EndGlobal
